
Microsoft Visual Studio Solution File, Format Version 12.00
# Visual Studio Version 17
VisualStudioVersion = 17.5.33502.453
MinimumVisualStudioVersion = 10.0.40219.1
Project("{9A19103F-16F7-4668-BE54-9A1E7A4F7556}") = "UltimateAspNet", "UltimateAspNet\UltimateAspNet.csproj", "{D60F88D4-87AE-48E5-A342-8E57CACCA96E}"
EndProject
Project("{9A19103F-16F7-4668-BE54-9A1E7A4F7556}") = "Contracts", "Contracts\Contracts.csproj", "{F3AEDD27-D487-43D7-8396-76FF8A4EC511}"
EndProject
Project("{9A19103F-16F7-4668-BE54-9A1E7A4F7556}") = "LoggerService", "LoggerService\LoggerService.csproj", "{74AA9DF6-A7FF-4315-88AB-870F0A35A62A}"
EndProject
Project("{9A19103F-16F7-4668-BE54-9A1E7A4F7556}") = "Entities", "Entities\Entities.csproj", "{E2AD7325-41CA-483A-98F2-2C45CB16FD6D}"
EndProject
Project("{9A19103F-16F7-4668-BE54-9A1E7A4F7556}") = "Repository", "Repository\Repository.csproj", "{3ECAA0CE-3C7E-47C5-BF62-D9FD4F6DB226}"
EndProject
Project("{9A19103F-16F7-4668-BE54-9A1E7A4F7556}") = "Service.Contracts", "Service.Contracts\Service.Contracts.csproj", "{CA175E64-02A9-4D96-B1CB-679220D91E71}"
EndProject
Project("{9A19103F-16F7-4668-BE54-9A1E7A4F7556}") = "Service", "Service\Service.csproj", "{F1DC6D81-FD20-4728-935A-66133436D64E}"
EndProject
Project("{9A19103F-16F7-4668-BE54-9A1E7A4F7556}") = "UltimateAspNet.Presentation", "UltimateAspNet.Presentation\UltimateAspNet.Presentation.csproj", "{137315CD-CBBE-4EDE-BCB9-AC6EB98BF89E}"
EndProject
Project("{FAE04EC0-301F-11D3-BF4B-00C04F79EFBC}") = "Shared", "Shared\Shared.csproj", "{86646F69-D8CC-4798-A880-BEA18B881EEE}"
EndProject
Global
	GlobalSection(SolutionConfigurationPlatforms) = preSolution
		Debug|Any CPU = Debug|Any CPU
		Release|Any CPU = Release|Any CPU
	EndGlobalSection
	GlobalSection(ProjectConfigurationPlatforms) = postSolution
		{D60F88D4-87AE-48E5-A342-8E57CACCA96E}.Debug|Any CPU.ActiveCfg = Debug|Any CPU
		{D60F88D4-87AE-48E5-A342-8E57CACCA96E}.Debug|Any CPU.Build.0 = Debug|Any CPU
		{D60F88D4-87AE-48E5-A342-8E57CACCA96E}.Release|Any CPU.ActiveCfg = Release|Any CPU
		{D60F88D4-87AE-48E5-A342-8E57CACCA96E}.Release|Any CPU.Build.0 = Release|Any CPU
		{F3AEDD27-D487-43D7-8396-76FF8A4EC511}.Debug|Any CPU.ActiveCfg = Debug|Any CPU
		{F3AEDD27-D487-43D7-8396-76FF8A4EC511}.Debug|Any CPU.Build.0 = Debug|Any CPU
		{F3AEDD27-D487-43D7-8396-76FF8A4EC511}.Release|Any CPU.ActiveCfg = Release|Any CPU
		{F3AEDD27-D487-43D7-8396-76FF8A4EC511}.Release|Any CPU.Build.0 = Release|Any CPU
		{74AA9DF6-A7FF-4315-88AB-870F0A35A62A}.Debug|Any CPU.ActiveCfg = Debug|Any CPU
		{74AA9DF6-A7FF-4315-88AB-870F0A35A62A}.Debug|Any CPU.Build.0 = Debug|Any CPU
		{74AA9DF6-A7FF-4315-88AB-870F0A35A62A}.Release|Any CPU.ActiveCfg = Release|Any CPU
		{74AA9DF6-A7FF-4315-88AB-870F0A35A62A}.Release|Any CPU.Build.0 = Release|Any CPU
		{E2AD7325-41CA-483A-98F2-2C45CB16FD6D}.Debug|Any CPU.ActiveCfg = Debug|Any CPU
		{E2AD7325-41CA-483A-98F2-2C45CB16FD6D}.Debug|Any CPU.Build.0 = Debug|Any CPU
		{E2AD7325-41CA-483A-98F2-2C45CB16FD6D}.Release|Any CPU.ActiveCfg = Release|Any CPU
		{E2AD7325-41CA-483A-98F2-2C45CB16FD6D}.Release|Any CPU.Build.0 = Release|Any CPU
		{3ECAA0CE-3C7E-47C5-BF62-D9FD4F6DB226}.Debug|Any CPU.ActiveCfg = Debug|Any CPU
		{3ECAA0CE-3C7E-47C5-BF62-D9FD4F6DB226}.Debug|Any CPU.Build.0 = Debug|Any CPU
		{3ECAA0CE-3C7E-47C5-BF62-D9FD4F6DB226}.Release|Any CPU.ActiveCfg = Release|Any CPU
		{3ECAA0CE-3C7E-47C5-BF62-D9FD4F6DB226}.Release|Any CPU.Build.0 = Release|Any CPU
		{CA175E64-02A9-4D96-B1CB-679220D91E71}.Debug|Any CPU.ActiveCfg = Debug|Any CPU
		{CA175E64-02A9-4D96-B1CB-679220D91E71}.Debug|Any CPU.Build.0 = Debug|Any CPU
		{CA175E64-02A9-4D96-B1CB-679220D91E71}.Release|Any CPU.ActiveCfg = Release|Any CPU
		{CA175E64-02A9-4D96-B1CB-679220D91E71}.Release|Any CPU.Build.0 = Release|Any CPU
		{F1DC6D81-FD20-4728-935A-66133436D64E}.Debug|Any CPU.ActiveCfg = Debug|Any CPU
		{F1DC6D81-FD20-4728-935A-66133436D64E}.Debug|Any CPU.Build.0 = Debug|Any CPU
		{F1DC6D81-FD20-4728-935A-66133436D64E}.Release|Any CPU.ActiveCfg = Release|Any CPU
		{F1DC6D81-FD20-4728-935A-66133436D64E}.Release|Any CPU.Build.0 = Release|Any CPU
		{137315CD-CBBE-4EDE-BCB9-AC6EB98BF89E}.Debug|Any CPU.ActiveCfg = Debug|Any CPU
		{137315CD-CBBE-4EDE-BCB9-AC6EB98BF89E}.Debug|Any CPU.Build.0 = Debug|Any CPU
		{137315CD-CBBE-4EDE-BCB9-AC6EB98BF89E}.Release|Any CPU.ActiveCfg = Release|Any CPU
		{137315CD-CBBE-4EDE-BCB9-AC6EB98BF89E}.Release|Any CPU.Build.0 = Release|Any CPU
		{86646F69-D8CC-4798-A880-BEA18B881EEE}.Debug|Any CPU.ActiveCfg = Debug|Any CPU
		{86646F69-D8CC-4798-A880-BEA18B881EEE}.Debug|Any CPU.Build.0 = Debug|Any CPU
		{86646F69-D8CC-4798-A880-BEA18B881EEE}.Release|Any CPU.ActiveCfg = Release|Any CPU
		{86646F69-D8CC-4798-A880-BEA18B881EEE}.Release|Any CPU.Build.0 = Release|Any CPU
	EndGlobalSection
	GlobalSection(SolutionProperties) = preSolution
		HideSolutionNode = FALSE
	EndGlobalSection
	GlobalSection(ExtensibilityGlobals) = postSolution
		SolutionGuid = {2841D53D-A84D-4F68-B7FA-C0EFD3555471}
	EndGlobalSection
EndGlobal
